
Microsoft Visual Studio Solution File, Format Version 12.00
Project("{FAE04EC0-301F-11D3-BF4B-00C04F79EFBC}") = "SpotifyCheck.RequestsTest", "SpotifyCheck.RequestsTest\SpotifyCheck.RequestsTest.csproj", "{AF698F57-F3F4-4135-BF36-12E4722DEFE2}"
EndProject
Project("{FAE04EC0-301F-11D3-BF4B-00C04F79EFBC}") = "SpotifyCheck.Core", "SpotifyCheck.Core\SpotifyCheck.Core.csproj", "{7E9C8ADD-FF90-4457-9A52-3226232241AD}"
EndProject
Project("{FAE04EC0-301F-11D3-BF4B-00C04F79EFBC}") = "SpotifyCheck", "SpotifyCheck\SpotifyCheck.csproj", "{52944020-F58F-4A70-A7CE-DF42B26A48B1}"
EndProject
Project("{FAE04EC0-301F-11D3-BF4B-00C04F79EFBC}") = "SpotifyCheck.RuCaptcha", "SpotifyCheck.RuCaptcha\SpotifyCheck.RuCaptcha.csproj", "{E42ED11C-C07D-4099-9BA1-3F0B987E31A7}"
EndProject
Project("{FAE04EC0-301F-11D3-BF4B-00C04F79EFBC}") = "SpotifyCheck.Check", "SpotifyCheck.Check\SpotifyCheck.Check.csproj", "{35E188B7-A5C0-42EE-8487-394EF261A9D9}"
EndProject
Global
	GlobalSection(SolutionConfigurationPlatforms) = preSolution
		Debug|Any CPU = Debug|Any CPU
		Release|Any CPU = Release|Any CPU
	EndGlobalSection
	GlobalSection(ProjectConfigurationPlatforms) = postSolution
		{AF698F57-F3F4-4135-BF36-12E4722DEFE2}.Debug|Any CPU.ActiveCfg = Debug|Any CPU
		{AF698F57-F3F4-4135-BF36-12E4722DEFE2}.Debug|Any CPU.Build.0 = Debug|Any CPU
		{AF698F57-F3F4-4135-BF36-12E4722DEFE2}.Release|Any CPU.ActiveCfg = Release|Any CPU
		{AF698F57-F3F4-4135-BF36-12E4722DEFE2}.Release|Any CPU.Build.0 = Release|Any CPU
		{7E9C8ADD-FF90-4457-9A52-3226232241AD}.Debug|Any CPU.ActiveCfg = Debug|Any CPU
		{7E9C8ADD-FF90-4457-9A52-3226232241AD}.Debug|Any CPU.Build.0 = Debug|Any CPU
		{7E9C8ADD-FF90-4457-9A52-3226232241AD}.Release|Any CPU.ActiveCfg = Release|Any CPU
		{7E9C8ADD-FF90-4457-9A52-3226232241AD}.Release|Any CPU.Build.0 = Release|Any CPU
		{52944020-F58F-4A70-A7CE-DF42B26A48B1}.Debug|Any CPU.ActiveCfg = Debug|Any CPU
		{52944020-F58F-4A70-A7CE-DF42B26A48B1}.Debug|Any CPU.Build.0 = Debug|Any CPU
		{52944020-F58F-4A70-A7CE-DF42B26A48B1}.Release|Any CPU.ActiveCfg = Release|Any CPU
		{52944020-F58F-4A70-A7CE-DF42B26A48B1}.Release|Any CPU.Build.0 = Release|Any CPU
		{E42ED11C-C07D-4099-9BA1-3F0B987E31A7}.Debug|Any CPU.ActiveCfg = Debug|Any CPU
		{E42ED11C-C07D-4099-9BA1-3F0B987E31A7}.Debug|Any CPU.Build.0 = Debug|Any CPU
		{E42ED11C-C07D-4099-9BA1-3F0B987E31A7}.Release|Any CPU.ActiveCfg = Release|Any CPU
		{E42ED11C-C07D-4099-9BA1-3F0B987E31A7}.Release|Any CPU.Build.0 = Release|Any CPU
		{35E188B7-A5C0-42EE-8487-394EF261A9D9}.Debug|Any CPU.ActiveCfg = Debug|Any CPU
		{35E188B7-A5C0-42EE-8487-394EF261A9D9}.Debug|Any CPU.Build.0 = Debug|Any CPU
		{35E188B7-A5C0-42EE-8487-394EF261A9D9}.Release|Any CPU.ActiveCfg = Release|Any CPU
		{35E188B7-A5C0-42EE-8487-394EF261A9D9}.Release|Any CPU.Build.0 = Release|Any CPU
	EndGlobalSection
EndGlobal
